// !$*UTF8*$!
{
	archiveVersion = 1;
	classes = {
	};
	objectVersion = 46;
	objects = {

/* Begin PBXBuildFile section */
		E3AD43301F4DB15400EA102D /* AppDelegate.swift in Sources */ = {isa = PBXBuildFile; fileRef = E3AD432F1F4DB15400EA102D /* AppDelegate.swift */; };
		E3AD43321F4DB15400EA102D /* ViewController.swift in Sources */ = {isa = PBXBuildFile; fileRef = E3AD43311F4DB15400EA102D /* ViewController.swift */; };
		E3AD43351F4DB15400EA102D /* Main.storyboard in Resources */ = {isa = PBXBuildFile; fileRef = E3AD43331F4DB15400EA102D /* Main.storyboard */; };
		E3AD43371F4DB15400EA102D /* Assets.xcassets in Resources */ = {isa = PBXBuildFile; fileRef = E3AD43361F4DB15400EA102D /* Assets.xcassets */; };
		E3AD433A1F4DB15400EA102D /* LaunchScreen.storyboard in Resources */ = {isa = PBXBuildFile; fileRef = E3AD43381F4DB15400EA102D /* LaunchScreen.storyboard */; };
		E3AD43421F4DB7F500EA102D /* pokemon.csv in Resources */ = {isa = PBXBuildFile; fileRef = E3AD43411F4DB7F500EA102D /* pokemon.csv */; };
		E3AD43451F4DC85900EA102D /* Pokemon.swift in Sources */ = {isa = PBXBuildFile; fileRef = E3AD43441F4DC85900EA102D /* Pokemon.swift */; };
		E3AD43481F4DD2DC00EA102D /* PokeCell.swift in Sources */ = {isa = PBXBuildFile; fileRef = E3AD43471F4DD2DC00EA102D /* PokeCell.swift */; };
		E3AD434B1F5029C100EA102D /* csv.swift in Sources */ = {isa = PBXBuildFile; fileRef = E3AD434A1F5029C100EA102D /* csv.swift */; };
		E3AD43511F50330100EA102D /* PokemonFontHollow.ttf in Resources */ = {isa = PBXBuildFile; fileRef = E3AD434F1F50330100EA102D /* PokemonFontHollow.ttf */; };
		E3AD43521F50330100EA102D /* PokemonFontSolid.ttf in Resources */ = {isa = PBXBuildFile; fileRef = E3AD43501F50330100EA102D /* PokemonFontSolid.ttf */; };
		E3AD43561F50363B00EA102D /* music.mp3 in Resources */ = {isa = PBXBuildFile; fileRef = E3AD43551F50363B00EA102D /* music.mp3 */; };
		E3AD43581F5063AB00EA102D /* PokemonDetailVC.swift in Sources */ = {isa = PBXBuildFile; fileRef = E3AD43571F5063AB00EA102D /* PokemonDetailVC.swift */; };
/* End PBXBuildFile section */

/* Begin PBXFileReference section */
		E3AD432C1F4DB15400EA102D /* Pokedex.app */ = {isa = PBXFileReference; explicitFileType = wrapper.application; includeInIndex = 0; path = Pokedex.app; sourceTree = BUILT_PRODUCTS_DIR; };
		E3AD432F1F4DB15400EA102D /* AppDelegate.swift */ = {isa = PBXFileReference; lastKnownFileType = sourcecode.swift; path = AppDelegate.swift; sourceTree = "<group>"; };
		E3AD43311F4DB15400EA102D /* ViewController.swift */ = {isa = PBXFileReference; lastKnownFileType = sourcecode.swift; path = ViewController.swift; sourceTree = "<group>"; };
		E3AD43341F4DB15400EA102D /* Base */ = {isa = PBXFileReference; lastKnownFileType = file.storyboard; name = Base; path = Base.lproj/Main.storyboard; sourceTree = "<group>"; };
		E3AD43361F4DB15400EA102D /* Assets.xcassets */ = {isa = PBXFileReference; lastKnownFileType = folder.assetcatalog; path = Assets.xcassets; sourceTree = "<group>"; };
		E3AD43391F4DB15400EA102D /* Base */ = {isa = PBXFileReference; lastKnownFileType = file.storyboard; name = Base; path = Base.lproj/LaunchScreen.storyboard; sourceTree = "<group>"; };
		E3AD433B1F4DB15400EA102D /* Info.plist */ = {isa = PBXFileReference; lastKnownFileType = text.plist.xml; path = Info.plist; sourceTree = "<group>"; };
		E3AD43411F4DB7F500EA102D /* pokemon.csv */ = {isa = PBXFileReference; fileEncoding = 4; lastKnownFileType = text; path = pokemon.csv; sourceTree = "<group>"; };
		E3AD43441F4DC85900EA102D /* Pokemon.swift */ = {isa = PBXFileReference; fileEncoding = 4; lastKnownFileType = sourcecode.swift; path = Pokemon.swift; sourceTree = "<group>"; };
		E3AD43471F4DD2DC00EA102D /* PokeCell.swift */ = {isa = PBXFileReference; fileEncoding = 4; lastKnownFileType = sourcecode.swift; path = PokeCell.swift; sourceTree = "<group>"; };
		E3AD434A1F5029C100EA102D /* csv.swift */ = {isa = PBXFileReference; fileEncoding = 4; lastKnownFileType = sourcecode.swift; path = csv.swift; sourceTree = "<group>"; };
		E3AD434F1F50330100EA102D /* PokemonFontHollow.ttf */ = {isa = PBXFileReference; lastKnownFileType = file; path = PokemonFontHollow.ttf; sourceTree = "<group>"; };
		E3AD43501F50330100EA102D /* PokemonFontSolid.ttf */ = {isa = PBXFileReference; lastKnownFileType = file; path = PokemonFontSolid.ttf; sourceTree = "<group>"; };
		E3AD43551F50363B00EA102D /* music.mp3 */ = {isa = PBXFileReference; lastKnownFileType = audio.mp3; path = music.mp3; sourceTree = "<group>"; };
		E3AD43571F5063AB00EA102D /* PokemonDetailVC.swift */ = {isa = PBXFileReference; fileEncoding = 4; lastKnownFileType = sourcecode.swift; path = PokemonDetailVC.swift; sourceTree = "<group>"; };
/* End PBXFileReference section */

/* Begin PBXFrameworksBuildPhase section */
		E3AD43291F4DB15400EA102D /* Frameworks */ = {
			isa = PBXFrameworksBuildPhase;
			buildActionMask = 2147483647;
			files = (
			);
			runOnlyForDeploymentPostprocessing = 0;
		};
/* End PBXFrameworksBuildPhase section */

/* Begin PBXGroup section */
		E3AD43231F4DB15400EA102D = {
			isa = PBXGroup;
			children = (
				E3AD432E1F4DB15400EA102D /* Pokedex */,
				E3AD432D1F4DB15400EA102D /* Products */,
			);
			sourceTree = "<group>";
		};
		E3AD432D1F4DB15400EA102D /* Products */ = {
			isa = PBXGroup;
			children = (
				E3AD432C1F4DB15400EA102D /* Pokedex.app */,
			);
			name = Products;
			sourceTree = "<group>";
		};
		E3AD432E1F4DB15400EA102D /* Pokedex */ = {
			isa = PBXGroup;
			children = (
				E3AD43431F4DC83E00EA102D /* Model */,
				E3AD43461F4DD2B800EA102D /* View */,
				E3AD434C1F50324A00EA102D /* Controller */,
				E3AD434E1F50326400EA102D /* Ressources */,
				E3AD434D1F50325700EA102D /* Utility */,
				E3AD432F1F4DB15400EA102D /* AppDelegate.swift */,
				E3AD43331F4DB15400EA102D /* Main.storyboard */,
				E3AD43361F4DB15400EA102D /* Assets.xcassets */,
				E3AD434A1F5029C100EA102D /* csv.swift */,
				E3AD43411F4DB7F500EA102D /* pokemon.csv */,
				E3AD43381F4DB15400EA102D /* LaunchScreen.storyboard */,
				E3AD433B1F4DB15400EA102D /* Info.plist */,
			);
			path = Pokedex;
			sourceTree = "<group>";
		};
		E3AD43431F4DC83E00EA102D /* Model */ = {
			isa = PBXGroup;
			children = (
				E3AD43441F4DC85900EA102D /* Pokemon.swift */,
			);
			name = Model;
			sourceTree = "<group>";
		};
		E3AD43461F4DD2B800EA102D /* View */ = {
			isa = PBXGroup;
			children = (
				E3AD43471F4DD2DC00EA102D /* PokeCell.swift */,
			);
			name = View;
			sourceTree = "<group>";
		};
		E3AD434C1F50324A00EA102D /* Controller */ = {
			isa = PBXGroup;
			children = (
				E3AD43311F4DB15400EA102D /* ViewController.swift */,
				E3AD43571F5063AB00EA102D /* PokemonDetailVC.swift */,
			);
			name = Controller;
			sourceTree = "<group>";
		};
		E3AD434D1F50325700EA102D /* Utility */ = {
			isa = PBXGroup;
			children = (
			);
			name = Utility;
			sourceTree = "<group>";
		};
		E3AD434E1F50326400EA102D /* Ressources */ = {
			isa = PBXGroup;
			children = (
				E3AD43551F50363B00EA102D /* music.mp3 */,
				E3AD434F1F50330100EA102D /* PokemonFontHollow.ttf */,
				E3AD43501F50330100EA102D /* PokemonFontSolid.ttf */,
			);
			name = Ressources;
			sourceTree = "<group>";
		};
/* End PBXGroup section */

/* Begin PBXNativeTarget section */
		E3AD432B1F4DB15400EA102D /* Pokedex */ = {
			isa = PBXNativeTarget;
			buildConfigurationList = E3AD433E1F4DB15400EA102D /* Build configuration list for PBXNativeTarget "Pokedex" */;
			buildPhases = (
				E3AD43281F4DB15400EA102D /* Sources */,
				E3AD43291F4DB15400EA102D /* Frameworks */,
				E3AD432A1F4DB15400EA102D /* Resources */,
			);
			buildRules = (
			);
			dependencies = (
			);
			name = Pokedex;
			productName = Pokedex;
			productReference = E3AD432C1F4DB15400EA102D /* Pokedex.app */;
			productType = "com.apple.product-type.application";
		};
/* End PBXNativeTarget section */

/* Begin PBXProject section */
		E3AD43241F4DB15400EA102D /* Project object */ = {
			isa = PBXProject;
			attributes = {
				LastSwiftUpdateCheck = 0830;
				LastUpgradeCheck = 0900;
				ORGANIZATIONNAME = Sebix;
				TargetAttributes = {
					E3AD432B1F4DB15400EA102D = {
						CreatedOnToolsVersion = 8.3.3;
						DevelopmentTeam = 8KJVNBHA6S;
						LastSwiftMigration = 0900;
						ProvisioningStyle = Automatic;
					};
				};
			};
			buildConfigurationList = E3AD43271F4DB15400EA102D /* Build configuration list for PBXProject "Pokedex" */;
			compatibilityVersion = "Xcode 3.2";
			developmentRegion = English;
			hasScannedForEncodings = 0;
			knownRegions = (
				en,
				Base,
			);
			mainGroup = E3AD43231F4DB15400EA102D;
			productRefGroup = E3AD432D1F4DB15400EA102D /* Products */;
			projectDirPath = "";
			projectRoot = "";
			targets = (
				E3AD432B1F4DB15400EA102D /* Pokedex */,
			);
		};
/* End PBXProject section */

/* Begin PBXResourcesBuildPhase section */
		E3AD432A1F4DB15400EA102D /* Resources */ = {
			isa = PBXResourcesBuildPhase;
			buildActionMask = 2147483647;
			files = (
				E3AD43561F50363B00EA102D /* music.mp3 in Resources */,
				E3AD433A1F4DB15400EA102D /* LaunchScreen.storyboard in Resources */,
				E3AD43371F4DB15400EA102D /* Assets.xcassets in Resources */,
				E3AD43511F50330100EA102D /* PokemonFontHollow.ttf in Resources */,
				E3AD43521F50330100EA102D /* PokemonFontSolid.ttf in Resources */,
				E3AD43421F4DB7F500EA102D /* pokemon.csv in Resources */,
				E3AD43351F4DB15400EA102D /* Main.storyboard in Resources */,
			);
			runOnlyForDeploymentPostprocessing = 0;
		};
/* End PBXResourcesBuildPhase section */

/* Begin PBXSourcesBuildPhase section */
		E3AD43281F4DB15400EA102D /* Sources */ = {
			isa = PBXSourcesBuildPhase;
			buildActionMask = 2147483647;
			files = (
				E3AD43481F4DD2DC00EA102D /* PokeCell.swift in Sources */,
				E3AD43321F4DB15400EA102D /* ViewController.swift in Sources */,
				E3AD43301F4DB15400EA102D /* AppDelegate.swift in Sources */,
				E3AD43581F5063AB00EA102D /* PokemonDetailVC.swift in Sources */,
				E3AD43451F4DC85900EA102D /* Pokemon.swift in Sources */,
				E3AD434B1F5029C100EA102D /* csv.swift in Sources */,
			);
			runOnlyForDeploymentPostprocessing = 0;
		};
/* End PBXSourcesBuildPhase section */

/* Begin PBXVariantGroup section */
		E3AD43331F4DB15400EA102D /* Main.storyboard */ = {
			isa = PBXVariantGroup;
			children = (
				E3AD43341F4DB15400EA102D /* Base */,
			);
			name = Main.storyboard;
			sourceTree = "<group>";
		};
		E3AD43381F4DB15400EA102D /* LaunchScreen.storyboard */ = {
			isa = PBXVariantGroup;
			children = (
				E3AD43391F4DB15400EA102D /* Base */,
			);
			name = LaunchScreen.storyboard;
			sourceTree = "<group>";
		};
/* End PBXVariantGroup section */

/* Begin XCBuildConfiguration section */
		E3AD433C1F4DB15400EA102D /* Debug */ = {
			isa = XCBuildConfiguration;
			buildSettings = {
				ALWAYS_SEARCH_USER_PATHS = NO;
				CLANG_ANALYZER_NONNULL = YES;
				CLANG_ANALYZER_NUMBER_OBJECT_CONVERSION = YES_AGGRESSIVE;
				CLANG_CXX_LANGUAGE_STANDARD = "gnu++0x";
				CLANG_CXX_LIBRARY = "libc++";
				CLANG_ENABLE_MODULES = YES;
				CLANG_ENABLE_OBJC_ARC = YES;
				CLANG_WARN_BLOCK_CAPTURE_AUTORELEASING = YES;
				CLANG_WARN_BOOL_CONVERSION = YES;
				CLANG_WARN_COMMA = YES;
				CLANG_WARN_CONSTANT_CONVERSION = YES;
				CLANG_WARN_DIRECT_OBJC_ISA_USAGE = YES_ERROR;
				CLANG_WARN_DOCUMENTATION_COMMENTS = YES;
				CLANG_WARN_EMPTY_BODY = YES;
				CLANG_WARN_ENUM_CONVERSION = YES;
				CLANG_WARN_INFINITE_RECURSION = YES;
				CLANG_WARN_INT_CONVERSION = YES;
				CLANG_WARN_NON_LITERAL_NULL_CONVERSION = YES;
				CLANG_WARN_OBJC_LITERAL_CONVERSION = YES;
				CLANG_WARN_OBJC_ROOT_CLASS = YES_ERROR;
				CLANG_WARN_RANGE_LOOP_ANALYSIS = YES;
				CLANG_WARN_STRICT_PROTOTYPES = YES;
				CLANG_WARN_SUSPICIOUS_MOVE = YES;
				CLANG_WARN_UNREACHABLE_CODE = YES;
				CLANG_WARN__DUPLICATE_METHOD_MATCH = YES;
				"CODE_SIGN_IDENTITY[sdk=iphoneos*]" = "iPhone Developer";
				COPY_PHASE_STRIP = NO;
				DEBUG_INFORMATION_FORMAT = dwarf;
				ENABLE_STRICT_OBJC_MSGSEND = YES;
				ENABLE_TESTABILITY = YES;
				GCC_C_LANGUAGE_STANDARD = gnu99;
				GCC_DYNAMIC_NO_PIC = NO;
				GCC_NO_COMMON_BLOCKS = YES;
				GCC_OPTIMIZATION_LEVEL = 0;
				GCC_PREPROCESSOR_DEFINITIONS = (
					"DEBUG=1",
					"$(inherited)",
				);
				GCC_WARN_64_TO_32_BIT_CONVERSION = YES;
				GCC_WARN_ABOUT_RETURN_TYPE = YES_ERROR;
				GCC_WARN_UNDECLARED_SELECTOR = YES;
				GCC_WARN_UNINITIALIZED_AUTOS = YES_AGGRESSIVE;
				GCC_WARN_UNUSED_FUNCTION = YES;
				GCC_WARN_UNUSED_VARIABLE = YES;
				IPHONEOS_DEPLOYMENT_TARGET = 10.3;
				MTL_ENABLE_DEBUG_INFO = YES;
				ONLY_ACTIVE_ARCH = YES;
				SDKROOT = iphoneos;
				SWIFT_ACTIVE_COMPILATION_CONDITIONS = DEBUG;
				SWIFT_OPTIMIZATION_LEVEL = "-Onone";
				TARGETED_DEVICE_FAMILY = "1,2";
			};
			name = Debug;
		};
		E3AD433D1F4DB15400EA102D /* Release */ = {
			isa = XCBuildConfiguration;
			buildSettings = {
				ALWAYS_SEARCH_USER_PATHS = NO;
				CLANG_ANALYZER_NONNULL = YES;
				CLANG_ANALYZER_NUMBER_OBJECT_CONVERSION = YES_AGGRESSIVE;
				CLANG_CXX_LANGUAGE_STANDARD = "gnu++0x";
				CLANG_CXX_LIBRARY = "libc++";
				CLANG_ENABLE_MODULES = YES;
				CLANG_ENABLE_OBJC_ARC = YES;
				CLANG_WARN_BLOCK_CAPTURE_AUTORELEASING = YES;
				CLANG_WARN_BOOL_CONVERSION = YES;
				CLANG_WARN_COMMA = YES;
				CLANG_WARN_CONSTANT_CONVERSION = YES;
				CLANG_WARN_DIRECT_OBJC_ISA_USAGE = YES_ERROR;
				CLANG_WARN_DOCUMENTATION_COMMENTS = YES;
				CLANG_WARN_EMPTY_BODY = YES;
				CLANG_WARN_ENUM_CONVERSION = YES;
				CLANG_WARN_INFINITE_RECURSION = YES;
				CLANG_WARN_INT_CONVERSION = YES;
				CLANG_WARN_NON_LITERAL_NULL_CONVERSION = YES;
				CLANG_WARN_OBJC_LITERAL_CONVERSION = YES;
				CLANG_WARN_OBJC_ROOT_CLASS = YES_ERROR;
				CLANG_WARN_RANGE_LOOP_ANALYSIS = YES;
				CLANG_WARN_STRICT_PROTOTYPES = YES;
				CLANG_WARN_SUSPICIOUS_MOVE = YES;
				CLANG_WARN_UNREACHABLE_CODE = YES;
				CLANG_WARN__DUPLICATE_METHOD_MATCH = YES;
				"CODE_SIGN_IDENTITY[sdk=iphoneos*]" = "iPhone Developer";
				COPY_PHASE_STRIP = NO;
				DEBUG_INFORMATION_FORMAT = "dwarf-with-dsym";
				ENABLE_NS_ASSERTIONS = NO;
				ENABLE_STRICT_OBJC_MSGSEND = YES;
				GCC_C_LANGUAGE_STANDARD = gnu99;
				GCC_NO_COMMON_BLOCKS = YES;
				GCC_WARN_64_TO_32_BIT_CONVERSION = YES;
				GCC_WARN_ABOUT_RETURN_TYPE = YES_ERROR;
				GCC_WARN_UNDECLARED_SELECTOR = YES;
				GCC_WARN_UNINITIALIZED_AUTOS = YES_AGGRESSIVE;
				GCC_WARN_UNUSED_FUNCTION = YES;
				GCC_WARN_UNUSED_VARIABLE = YES;
				IPHONEOS_DEPLOYMENT_TARGET = 10.3;
				MTL_ENABLE_DEBUG_INFO = NO;
				SDKROOT = iphoneos;
				SWIFT_OPTIMIZATION_LEVEL = "-Owholemodule";
				TARGETED_DEVICE_FAMILY = "1,2";
				VALIDATE_PRODUCT = YES;
			};
			name = Release;
		};
		E3AD433F1F4DB15400EA102D /* Debug */ = {
			isa = XCBuildConfiguration;
			buildSettings = {
				ASSETCATALOG_COMPILER_APPICON_NAME = AppIcon;
				DEVELOPMENT_TEAM = 8KJVNBHA6S;
				INFOPLIST_FILE = Pokedex/Info.plist;
				IPHONEOS_DEPLOYMENT_TARGET = 10.3;
				LD_RUNPATH_SEARCH_PATHS = "$(inherited) @executable_path/Frameworks";
				PRODUCT_BUNDLE_IDENTIFIER = "Phoenix-Softwares.Pokedex";
				PRODUCT_NAME = "$(TARGET_NAME)";
				SWIFT_SWIFT3_OBJC_INFERENCE = On;
				SWIFT_VERSION = 4.0;
				TARGETED_DEVICE_FAMILY = "1,2";
			};
			name = Debug;
		};
		E3AD43401F4DB15400EA102D /* Release */ = {
			isa = XCBuildConfiguration;
			buildSettings = {
				ASSETCATALOG_COMPILER_APPICON_NAME = AppIcon;
				DEVELOPMENT_TEAM = 8KJVNBHA6S;
				INFOPLIST_FILE = Pokedex/Info.plist;
				IPHONEOS_DEPLOYMENT_TARGET = 10.3;
				LD_RUNPATH_SEARCH_PATHS = "$(inherited) @executable_path/Frameworks";
				PRODUCT_BUNDLE_IDENTIFIER = "Phoenix-Softwares.Pokedex";
				PRODUCT_NAME = "$(TARGET_NAME)";
				SWIFT_SWIFT3_OBJC_INFERENCE = On;
				SWIFT_VERSION = 4.0;
				TARGETED_DEVICE_FAMILY = "1,2";
			};
			name = Release;
		};
/* End XCBuildConfiguration section */

/* Begin XCConfigurationList section */
		E3AD43271F4DB15400EA102D /* Build configuration list for PBXProject "Pokedex" */ = {
			isa = XCConfigurationList;
			buildConfigurations = (
				E3AD433C1F4DB15400EA102D /* Debug */,
				E3AD433D1F4DB15400EA102D /* Release */,
			);
			defaultConfigurationIsVisible = 0;
			defaultConfigurationName = Release;
		};
		E3AD433E1F4DB15400EA102D /* Build configuration list for PBXNativeTarget "Pokedex" */ = {
			isa = XCConfigurationList;
			buildConfigurations = (
				E3AD433F1F4DB15400EA102D /* Debug */,
				E3AD43401F4DB15400EA102D /* Release */,
			);
			defaultConfigurationIsVisible = 0;
			defaultConfigurationName = Release;
		};
/* End XCConfigurationList section */
	};
	rootObject = E3AD43241F4DB15400EA102D /* Project object */;
}
